// !$*UTF8*$!
{
	archiveVersion = 1;
	classes = {
	};
	objectVersion = 46;
	objects = {

/* Begin PBXBuildFile section */
		A188BA351BA5DE8600B2DE5C /* main.cpp in Sources */ = {isa = PBXBuildFile; fileRef = A188BA341BA5DE8600B2DE5C /* main.cpp */; };
/* End PBXBuildFile section */

/* Begin PBXCopyFilesBuildPhase section */
		A188BA2F1BA5DE8600B2DE5C /* CopyFiles */ = {
			isa = PBXCopyFilesBuildPhase;
			buildActionMask = 2147483647;
			dstPath = /usr/share/man/man1/;
			dstSubfolderSpec = 0;
			files = (
			);
			runOnlyForDeploymentPostprocessing = 1;
		};
/* End PBXCopyFilesBuildPhase section */

/* Begin PBXFileReference section */
		A188BA311BA5DE8600B2DE5C /* code36-signal */ = {isa = PBXFileReference; explicitFileType = "compiled.mach-o.executable"; includeInIndex = 0; path = "code36-signal"; sourceTree = BUILT_PRODUCTS_DIR; };
		A188BA341BA5DE8600B2DE5C /* main.cpp */ = {isa = PBXFileReference; lastKnownFileType = sourcecode.cpp.cpp; path = main.cpp; sourceTree = "<group>"; };
/* End PBXFileReference section */

/* Begin PBXFrameworksBuildPhase section */
		A188BA2E1BA5DE8600B2DE5C /* Frameworks */ = {
			isa = PBXFrameworksBuildPhase;
			buildActionMask = 2147483647;
			files = (
			);
			runOnlyForDeploymentPostprocessing = 0;
		};
/* End PBXFrameworksBuildPhase section */

/* Begin PBXGroup section */
		A188BA281BA5DE8600B2DE5C = {
			isa = PBXGroup;
			children = (
				A188BA331BA5DE8600B2DE5C /* code36-signal */,
				A188BA321BA5DE8600B2DE5C /* Products */,
			);
			sourceTree = "<group>";
		};
		A188BA321BA5DE8600B2DE5C /* Products */ = {
			isa = PBXGroup;
			children = (
				A188BA311BA5DE8600B2DE5C /* code36-signal */,
			);
			name = Products;
			sourceTree = "<group>";
		};
		A188BA331BA5DE8600B2DE5C /* code36-signal */ = {
			isa = PBXGroup;
			children = (
				A188BA341BA5DE8600B2DE5C /* main.cpp */,
			);
			path = "code36-signal";
			sourceTree = "<group>";
		};
/* End PBXGroup section */

/* Begin PBXNativeTarget section */
		A188BA301BA5DE8600B2DE5C /* code36-signal */ = {
			isa = PBXNativeTarget;
			buildConfigurationList = A188BA381BA5DE8600B2DE5C /* Build configuration list for PBXNativeTarget "code36-signal" */;
			buildPhases = (
				A188BA2D1BA5DE8600B2DE5C /* Sources */,
				A188BA2E1BA5DE8600B2DE5C /* Frameworks */,
				A188BA2F1BA5DE8600B2DE5C /* CopyFiles */,
			);
			buildRules = (
			);
			dependencies = (
			);
			name = "code36-signal";
			productName = "code36-signal";
			productReference = A188BA311BA5DE8600B2DE5C /* code36-signal */;
			productType = "com.apple.product-type.tool";
		};
/* End PBXNativeTarget section */

/* Begin PBXProject section */
		A188BA291BA5DE8600B2DE5C /* Project object */ = {
			isa = PBXProject;
			attributes = {
				LastUpgradeCheck = 0640;
				ORGANIZATIONNAME = leiquan.me;
				TargetAttributes = {
					A188BA301BA5DE8600B2DE5C = {
						CreatedOnToolsVersion = 6.4;
					};
				};
			};
			buildConfigurationList = A188BA2C1BA5DE8600B2DE5C /* Build configuration list for PBXProject "code36-signal" */;
			compatibilityVersion = "Xcode 3.2";
			developmentRegion = English;
			hasScannedForEncodings = 0;
			knownRegions = (
				en,
			);
			mainGroup = A188BA281BA5DE8600B2DE5C;
			productRefGroup = A188BA321BA5DE8600B2DE5C /* Products */;
			projectDirPath = "";
			projectRoot = "";
			targets = (
				A188BA301BA5DE8600B2DE5C /* code36-signal */,
			);
		};
/* End PBXProject section */

/* Begin PBXSourcesBuildPhase section */
		A188BA2D1BA5DE8600B2DE5C /* Sources */ = {
			isa = PBXSourcesBuildPhase;
			buildActionMask = 2147483647;
			files = (
				A188BA351BA5DE8600B2DE5C /* main.cpp in Sources */,
			);
			runOnlyForDeploymentPostprocessing = 0;
		};
/* End PBXSourcesBuildPhase section */

/* Begin XCBuildConfiguration section */
		A188BA361BA5DE8600B2DE5C /* Debug */ = {
			isa = XCBuildConfiguration;
			buildSettings = {
				ALWAYS_SEARCH_USER_PATHS = NO;
				CLANG_CXX_LANGUAGE_STANDARD = "gnu++0x";
				CLANG_CXX_LIBRARY = "libc++";
				CLANG_ENABLE_MODULES = YES;
				CLANG_ENABLE_OBJC_ARC = YES;
				CLANG_WARN_BOOL_CONVERSION = YES;
				CLANG_WARN_CONSTANT_CONVERSION = YES;
				CLANG_WARN_DIRECT_OBJC_ISA_USAGE = YES_ERROR;
				CLANG_WARN_EMPTY_BODY = YES;
				CLANG_WARN_ENUM_CONVERSION = YES;
				CLANG_WARN_INT_CONVERSION = YES;
				CLANG_WARN_OBJC_ROOT_CLASS = YES_ERROR;
				CLANG_WARN_UNREACHABLE_CODE = YES;
				CLANG_WARN__DUPLICATE_METHOD_MATCH = YES;
				COPY_PHASE_STRIP = NO;
				DEBUG_INFORMATION_FORMAT = dwarf;
				ENABLE_STRICT_OBJC_MSGSEND = YES;
				GCC_C_LANGUAGE_STANDARD = gnu99;
				GCC_DYNAMIC_NO_PIC = NO;
				GCC_NO_COMMON_BLOCKS = YES;
				GCC_OPTIMIZATION_LEVEL = 0;
				GCC_PREPROCESSOR_DEFINITIONS = (
					"DEBUG=1",
					"$(inherited)",
				);
				GCC_SYMBOLS_PRIVATE_EXTERN = NO;
				GCC_WARN_64_TO_32_BIT_CONVERSION = YES;
				GCC_WARN_ABOUT_RETURN_TYPE = YES_ERROR;
				GCC_WARN_UNDECLARED_SELECTOR = YES;
				GCC_WARN_UNINITIALIZED_AUTOS = YES_AGGRESSIVE;
				GCC_WARN_UNUSED_FUNCTION = YES;
				GCC_WARN_UNUSED_VARIABLE = YES;
				MACOSX_DEPLOYMENT_TARGET = 10.11;
				MTL_ENABLE_DEBUG_INFO = YES;
				ONLY_ACTIVE_ARCH = YES;
				SDKROOT = macosx;
			};
			name = Debug;
		};
		A188BA371BA5DE8600B2DE5C /* Release */ = {
			isa = XCBuildConfiguration;
			buildSettings = {
				ALWAYS_SEARCH_USER_PATHS = NO;
				CLANG_CXX_LANGUAGE_STANDARD = "gnu++0x";
				CLANG_CXX_LIBRARY = "libc++";
				CLANG_ENABLE_MODULES = YES;
				CLANG_ENABLE_OBJC_ARC = YES;
				CLANG_WARN_BOOL_CONVERSION = YES;
				CLANG_WARN_CONSTANT_CONVERSION = YES;
				CLANG_WARN_DIRECT_OBJC_ISA_USAGE = YES_ERROR;
				CLANG_WARN_EMPTY_BODY = YES;
				CLANG_WARN_ENUM_CONVERSION = YES;
				CLANG_WARN_INT_CONVERSION = YES;
				CLANG_WARN_OBJC_ROOT_CLASS = YES_ERROR;
				CLANG_WARN_UNREACHABLE_CODE = YES;
				CLANG_WARN__DUPLICATE_METHOD_MATCH = YES;
				COPY_PHASE_STRIP = NO;
				DEBUG_INFORMATION_FORMAT = "dwarf-with-dsym";
				ENABLE_NS_ASSERTIONS = NO;
				ENABLE_STRICT_OBJC_MSGSEND = YES;
				GCC_C_LANGUAGE_STANDARD = gnu99;
				GCC_NO_COMMON_BLOCKS = YES;
				GCC_WARN_64_TO_32_BIT_CONVERSION = YES;
				GCC_WARN_ABOUT_RETURN_TYPE = YES_ERROR;
				GCC_WARN_UNDECLARED_SELECTOR = YES;
				GCC_WARN_UNINITIALIZED_AUTOS = YES_AGGRESSIVE;
				GCC_WARN_UNUSED_FUNCTION = YES;
				GCC_WARN_UNUSED_VARIABLE = YES;
				MACOSX_DEPLOYMENT_TARGET = 10.11;
				MTL_ENABLE_DEBUG_INFO = NO;
				SDKROOT = macosx;
			};
			name = Release;
		};
		A188BA391BA5DE8600B2DE5C /* Debug */ = {
			isa = XCBuildConfiguration;
			buildSettings = {
				PRODUCT_NAME = "$(TARGET_NAME)";
			};
			name = Debug;
		};
		A188BA3A1BA5DE8600B2DE5C /* Release */ = {
			isa = XCBuildConfiguration;
			buildSettings = {
				PRODUCT_NAME = "$(TARGET_NAME)";
			};
			name = Release;
		};
/* End XCBuildConfiguration section */

/* Begin XCConfigurationList section */
		A188BA2C1BA5DE8600B2DE5C /* Build configuration list for PBXProject "code36-signal" */ = {
			isa = XCConfigurationList;
			buildConfigurations = (
				A188BA361BA5DE8600B2DE5C /* Debug */,
				A188BA371BA5DE8600B2DE5C /* Release */,
			);
			defaultConfigurationIsVisible = 0;
			defaultConfigurationName = Release;
		};
		A188BA381BA5DE8600B2DE5C /* Build configuration list for PBXNativeTarget "code36-signal" */ = {
			isa = XCConfigurationList;
			buildConfigurations = (
				A188BA391BA5DE8600B2DE5C /* Debug */,
				A188BA3A1BA5DE8600B2DE5C /* Release */,
			);
			defaultConfigurationIsVisible = 0;
		};
/* End XCConfigurationList section */
	};
	rootObject = A188BA291BA5DE8600B2DE5C /* Project object */;
}
